
Microsoft Visual Studio Solution File, Format Version 12.00
# Visual Studio Version 16
VisualStudioVersion = 16.0.29411.138
MinimumVisualStudioVersion = 10.0.40219.1
Project("{9A19103F-16F7-4668-BE54-9A1E7A4F7556}") = "HasselSoft", "HasselSoft\HasselSoft.csproj", "{39DAB005-BD77-4987-8B1C-79B217BD1084}"
EndProject
Project("{9A19103F-16F7-4668-BE54-9A1E7A4F7556}") = "GlobalHook", "GlobalHook\GlobalHook.csproj", "{5742DBC7-EB0D-48B2-A817-7C99FE7AC91F}"
EndProject
Global
	GlobalSection(SolutionConfigurationPlatforms) = preSolution
		Debug|Any CPU = Debug|Any CPU
		Release|Any CPU = Release|Any CPU
	EndGlobalSection
	GlobalSection(ProjectConfigurationPlatforms) = postSolution
		{39DAB005-BD77-4987-8B1C-79B217BD1084}.Debug|Any CPU.ActiveCfg = Debug|Any CPU
		{39DAB005-BD77-4987-8B1C-79B217BD1084}.Debug|Any CPU.Build.0 = Debug|Any CPU
		{39DAB005-BD77-4987-8B1C-79B217BD1084}.Release|Any CPU.ActiveCfg = Release|Any CPU
		{39DAB005-BD77-4987-8B1C-79B217BD1084}.Release|Any CPU.Build.0 = Release|Any CPU
		{5742DBC7-EB0D-48B2-A817-7C99FE7AC91F}.Debug|Any CPU.ActiveCfg = Debug|Any CPU
		{5742DBC7-EB0D-48B2-A817-7C99FE7AC91F}.Debug|Any CPU.Build.0 = Debug|Any CPU
		{5742DBC7-EB0D-48B2-A817-7C99FE7AC91F}.Release|Any CPU.ActiveCfg = Release|Any CPU
		{5742DBC7-EB0D-48B2-A817-7C99FE7AC91F}.Release|Any CPU.Build.0 = Release|Any CPU
	EndGlobalSection
	GlobalSection(SolutionProperties) = preSolution
		HideSolutionNode = FALSE
	EndGlobalSection
	GlobalSection(ExtensibilityGlobals) = postSolution
		SolutionGuid = {DA3003EF-321D-4B78-ADE1-25B02661BB8C}
	EndGlobalSection
EndGlobal
